
Microsoft Visual Studio Solution File, Format Version 12.00
# Visual Studio 15
VisualStudioVersion = 15.0.26430.14
MinimumVisualStudioVersion = 10.0.40219.1
Project("{FAE04EC0-301F-11D3-BF4B-00C04F79EFBC}") = "01.HornetWings", "01.HornetWings\01.HornetWings.csproj", "{136C02A1-86D7-4F29-811A-23E1075F915C}"
EndProject
Project("{FAE04EC0-301F-11D3-BF4B-00C04F79EFBC}") = "02.HornetComm", "02.HornetComm\02.HornetComm.csproj", "{90697CDE-393E-4513-9F57-80FD1F2A3C91}"
EndProject
Project("{FAE04EC0-301F-11D3-BF4B-00C04F79EFBC}") = "03.HornetAssault", "03.HornetAssault\03.HornetAssault.csproj", "{F479C481-1942-4F2E-9305-8D7AAF7224C7}"
EndProject
Global
	GlobalSection(SolutionConfigurationPlatforms) = preSolution
		Debug|Any CPU = Debug|Any CPU
		Release|Any CPU = Release|Any CPU
	EndGlobalSection
	GlobalSection(ProjectConfigurationPlatforms) = postSolution
		{136C02A1-86D7-4F29-811A-23E1075F915C}.Debug|Any CPU.ActiveCfg = Debug|Any CPU
		{136C02A1-86D7-4F29-811A-23E1075F915C}.Debug|Any CPU.Build.0 = Debug|Any CPU
		{136C02A1-86D7-4F29-811A-23E1075F915C}.Release|Any CPU.ActiveCfg = Release|Any CPU
		{136C02A1-86D7-4F29-811A-23E1075F915C}.Release|Any CPU.Build.0 = Release|Any CPU
		{90697CDE-393E-4513-9F57-80FD1F2A3C91}.Debug|Any CPU.ActiveCfg = Debug|Any CPU
		{90697CDE-393E-4513-9F57-80FD1F2A3C91}.Debug|Any CPU.Build.0 = Debug|Any CPU
		{90697CDE-393E-4513-9F57-80FD1F2A3C91}.Release|Any CPU.ActiveCfg = Release|Any CPU
		{90697CDE-393E-4513-9F57-80FD1F2A3C91}.Release|Any CPU.Build.0 = Release|Any CPU
		{F479C481-1942-4F2E-9305-8D7AAF7224C7}.Debug|Any CPU.ActiveCfg = Debug|Any CPU
		{F479C481-1942-4F2E-9305-8D7AAF7224C7}.Debug|Any CPU.Build.0 = Debug|Any CPU
		{F479C481-1942-4F2E-9305-8D7AAF7224C7}.Release|Any CPU.ActiveCfg = Release|Any CPU
		{F479C481-1942-4F2E-9305-8D7AAF7224C7}.Release|Any CPU.Build.0 = Release|Any CPU
	EndGlobalSection
	GlobalSection(SolutionProperties) = preSolution
		HideSolutionNode = FALSE
	EndGlobalSection
EndGlobal
