
Microsoft Visual Studio Solution File, Format Version 12.00
# Visual Studio 15
VisualStudioVersion = 15.0.26730.16
MinimumVisualStudioVersion = 10.0.40219.1
Project("{FAE04EC0-301F-11D3-BF4B-00C04F79EFBC}") = "Blog", "Blog\Blog.csproj", "{287B0064-A7F9-4843-9C99-4F09C17BE7C1}"
EndProject
Global
	GlobalSection(SolutionConfigurationPlatforms) = preSolution
		Debug|Any CPU = Debug|Any CPU
		Release|Any CPU = Release|Any CPU
	EndGlobalSection
	GlobalSection(ProjectConfigurationPlatforms) = postSolution
		{287B0064-A7F9-4843-9C99-4F09C17BE7C1}.Debug|Any CPU.ActiveCfg = Debug|Any CPU
		{287B0064-A7F9-4843-9C99-4F09C17BE7C1}.Debug|Any CPU.Build.0 = Debug|Any CPU
		{287B0064-A7F9-4843-9C99-4F09C17BE7C1}.Release|Any CPU.ActiveCfg = Release|Any CPU
		{287B0064-A7F9-4843-9C99-4F09C17BE7C1}.Release|Any CPU.Build.0 = Release|Any CPU
	EndGlobalSection
	GlobalSection(SolutionProperties) = preSolution
		HideSolutionNode = FALSE
	EndGlobalSection
	GlobalSection(ExtensibilityGlobals) = postSolution
		SolutionGuid = {5310F754-C972-4E96-9D1D-CE138437A571}
	EndGlobalSection
EndGlobal
